
Microsoft Visual Studio Solution File, Format Version 12.00
# Visual Studio Version 16
VisualStudioVersion = 16.0.29806.167
MinimumVisualStudioVersion = 10.0.40219.1
Project("{FAE04EC0-301F-11D3-BF4B-00C04F79EFBC}") = "WindowsFormsApp1", "WindowsFormsApp1\WindowsFormsApp1.csproj", "{C8C9832A-2050-47FD-B572-0B3F98814677}"
EndProject
Global
	GlobalSection(SolutionConfigurationPlatforms) = preSolution
		Debug|Any CPU = Debug|Any CPU
		Release|Any CPU = Release|Any CPU
	EndGlobalSection
	GlobalSection(ProjectConfigurationPlatforms) = postSolution
		{C8C9832A-2050-47FD-B572-0B3F98814677}.Debug|Any CPU.ActiveCfg = Debug|Any CPU
		{C8C9832A-2050-47FD-B572-0B3F98814677}.Debug|Any CPU.Build.0 = Debug|Any CPU
		{C8C9832A-2050-47FD-B572-0B3F98814677}.Release|Any CPU.ActiveCfg = Release|Any CPU
		{C8C9832A-2050-47FD-B572-0B3F98814677}.Release|Any CPU.Build.0 = Release|Any CPU
	EndGlobalSection
	GlobalSection(SolutionProperties) = preSolution
		HideSolutionNode = FALSE
	EndGlobalSection
	GlobalSection(ExtensibilityGlobals) = postSolution
		SolutionGuid = {CD49D0A6-3C05-4BDE-A618-A804150F132E}
	EndGlobalSection
EndGlobal
